
Microsoft Visual Studio Solution File, Format Version 12.00
# Visual Studio 15
VisualStudioVersion = 15.0.28307.1684
MinimumVisualStudioVersion = 10.0.40219.1
Project("{8BC9CEB8-8B4A-11D0-8D11-00A0C91BC942}") = "Textquery", "Textquery\Textquery.vcxproj", "{689F3F4B-AEBC-4E0D-83FF-DF8B4E0AC3FF}"
EndProject
Global
	GlobalSection(SolutionConfigurationPlatforms) = preSolution
		Debug|x64 = Debug|x64
		Debug|x86 = Debug|x86
		Release|x64 = Release|x64
		Release|x86 = Release|x86
	EndGlobalSection
	GlobalSection(ProjectConfigurationPlatforms) = postSolution
		{689F3F4B-AEBC-4E0D-83FF-DF8B4E0AC3FF}.Debug|x64.ActiveCfg = Debug|x64
		{689F3F4B-AEBC-4E0D-83FF-DF8B4E0AC3FF}.Debug|x64.Build.0 = Debug|x64
		{689F3F4B-AEBC-4E0D-83FF-DF8B4E0AC3FF}.Debug|x86.ActiveCfg = Debug|Win32
		{689F3F4B-AEBC-4E0D-83FF-DF8B4E0AC3FF}.Debug|x86.Build.0 = Debug|Win32
		{689F3F4B-AEBC-4E0D-83FF-DF8B4E0AC3FF}.Release|x64.ActiveCfg = Release|x64
		{689F3F4B-AEBC-4E0D-83FF-DF8B4E0AC3FF}.Release|x64.Build.0 = Release|x64
		{689F3F4B-AEBC-4E0D-83FF-DF8B4E0AC3FF}.Release|x86.ActiveCfg = Release|Win32
		{689F3F4B-AEBC-4E0D-83FF-DF8B4E0AC3FF}.Release|x86.Build.0 = Release|Win32
	EndGlobalSection
	GlobalSection(SolutionProperties) = preSolution
		HideSolutionNode = FALSE
	EndGlobalSection
	GlobalSection(ExtensibilityGlobals) = postSolution
		SolutionGuid = {C2DF7FB3-5694-4A74-91F1-95E8D751EEB9}
	EndGlobalSection
EndGlobal
